<Solution>
  <Folder Name="/apps/" />
  <Folder Name="/apps/api/">
    <Project Path="apps/api/Aethra.Api.csproj" />
  </Folder>
  <Folder Name="/apps/satellite/">
    <Project Path="apps/satellite/Aethra.Satellite.csproj" />
  </Folder>
  <Folder Name="/src/">
    <Project Path="src/Aethra.Modules.Cloudflare/Aethra.Modules.Cloudflare.csproj" />
    <Project Path="src/Aethra.Modules.Deployments/Aethra.Modules.Deployments.csproj" />
    <Project Path="src/Aethra.Modules.Identity/Aethra.Modules.Identity.csproj" />
    <Project Path="src/Aethra.Modules.Mcp/Aethra.Modules.Mcp.csproj" />
    <Project Path="src/Aethra.Modules.Metrics/Aethra.Modules.Metrics.csproj" />
    <Project Path="src/Aethra.Modules.Monitoring/Aethra.Modules.Monitoring.csproj" />
    <Project Path="src/Aethra.Modules.Notes/Aethra.Modules.Notes.csproj" />
    <Project Path="src/Aethra.Modules.Notifications/Aethra.Modules.Notifications.csproj" />
    <Project Path="src/Aethra.Modules.Projects/Aethra.Modules.Projects.csproj" />
    <Project Path="src/Aethra.Modules.Proxy/Aethra.Modules.Proxy.csproj" />
    <Project Path="src/Aethra.Modules.Services/Aethra.Modules.Services.csproj" />
    <Project Path="src/Aethra.Modules.Settings/Aethra.Modules.Settings.csproj" />
    <Project Path="src/Aethra.Modules.Vms/Aethra.Modules.Vms.csproj" />
    <Project Path="src/Aethra.Shared.Contracts/Aethra.Shared.Contracts.csproj" />
    <Project Path="src/Aethra.Shared.Infrastructure/Aethra.Shared.Infrastructure.csproj" />
    <Project Path="src/Aethra.Shared.Kernel/Aethra.Shared.Kernel.csproj" />
  </Folder>
  <Folder Name="/tests/">
    <Project Path="tests/Aethra.ArchitectureTests/Aethra.ArchitectureTests.csproj" />
    <Project Path="tests/Aethra.Modules.Identity.Tests/Aethra.Modules.Identity.Tests.csproj" />
    <Project Path="tests/Aethra.Modules.Monitoring.Tests/Aethra.Modules.Monitoring.Tests.csproj" />
    <Project Path="tests/Aethra.Modules.Projects.Tests/Aethra.Modules.Projects.Tests.csproj" />
    <Project Path="tests/Aethra.Modules.Proxy.Tests/Aethra.Modules.Proxy.Tests.csproj" />
    <Project Path="tests/Aethra.Shared.Kernel.Tests/Aethra.Shared.Kernel.Tests.csproj" />
    <Project Path="tests/Aethra.Modules.Services.Tests/Aethra.Modules.Services.Tests.csproj" />
    <Project Path="tests/Aethra.Modules.Vms.Tests/Aethra.Modules.Vms.Tests.csproj" />
  </Folder>
</Solution>
